// !$*UTF8*$!
{
	archiveVersion = 1;
	classes = {
	};
	objectVersion = 50;
	objects = {

/* Begin PBXBuildFile section */
		793D847D27FAD5FB008FCA61 /* Media.xcassets in Resources */ = {isa = PBXBuildFile; fileRef = 793D847C27FAD5FB008FCA61 /* Media.xcassets */; };
		793D847F27FAD5FB008FCA61 /* ActionViewController.swift in Sources */ = {isa = PBXBuildFile; fileRef = 793D847E27FAD5FB008FCA61 /* ActionViewController.swift */; };
		793D848227FAD5FB008FCA61 /* MainInterface.storyboard in Resources */ = {isa = PBXBuildFile; fileRef = 793D848027FAD5FB008FCA61 /* MainInterface.storyboard */; };
		793D848627FAD5FB008FCA61 /* Is it true?.appex in Embed App Extensions */ = {isa = PBXBuildFile; fileRef = 793D847A27FAD5FB008FCA61 /* Is it true?.appex */; settings = {ATTRIBUTES = (RemoveHeadersOnCopy, ); }; };
		798A2AF828017F790027E978 /* Assets.xcassets in Resources */ = {isa = PBXBuildFile; fileRef = 79C7E29D27FAC65000FCAAE7 /* Assets.xcassets */; };
		799C98402801A34D00EB87A0 /* Icons.png in Resources */ = {isa = PBXBuildFile; fileRef = 799C983F2801A34D00EB87A0 /* Icons.png */; };
		79C7E29527FAC64B00FCAAE7 /* AppDelegate.swift in Sources */ = {isa = PBXBuildFile; fileRef = 79C7E29427FAC64B00FCAAE7 /* AppDelegate.swift */; };
		79C7E29727FAC64B00FCAAE7 /* SceneDelegate.swift in Sources */ = {isa = PBXBuildFile; fileRef = 79C7E29627FAC64B00FCAAE7 /* SceneDelegate.swift */; };
		79C7E29927FAC64B00FCAAE7 /* ViewController.swift in Sources */ = {isa = PBXBuildFile; fileRef = 79C7E29827FAC64B00FCAAE7 /* ViewController.swift */; };
		79C7E29C27FAC64B00FCAAE7 /* Main.storyboard in Resources */ = {isa = PBXBuildFile; fileRef = 79C7E29A27FAC64B00FCAAE7 /* Main.storyboard */; };
		79C7E29E27FAC65000FCAAE7 /* Assets.xcassets in Resources */ = {isa = PBXBuildFile; fileRef = 79C7E29D27FAC65000FCAAE7 /* Assets.xcassets */; };
		79C7E2A127FAC65000FCAAE7 /* LaunchScreen.storyboard in Resources */ = {isa = PBXBuildFile; fileRef = 79C7E29F27FAC65000FCAAE7 /* LaunchScreen.storyboard */; };
/* End PBXBuildFile section */

/* Begin PBXContainerItemProxy section */
		793D848427FAD5FB008FCA61 /* PBXContainerItemProxy */ = {
			isa = PBXContainerItemProxy;
			containerPortal = 79C7E28927FAC64B00FCAAE7 /* Project object */;
			proxyType = 1;
			remoteGlobalIDString = 793D847927FAD5FB008FCA61;
			remoteInfo = IsItTrue;
		};
/* End PBXContainerItemProxy section */

/* Begin PBXCopyFilesBuildPhase section */
		793D848727FAD5FB008FCA61 /* Embed App Extensions */ = {
			isa = PBXCopyFilesBuildPhase;
			buildActionMask = 2147483647;
			dstPath = "";
			dstSubfolderSpec = 13;
			files = (
				793D848627FAD5FB008FCA61 /* Is it true?.appex in Embed App Extensions */,
			);
			name = "Embed App Extensions";
			runOnlyForDeploymentPostprocessing = 0;
		};
/* End PBXCopyFilesBuildPhase section */

/* Begin PBXFileReference section */
		793D847A27FAD5FB008FCA61 /* Is it true?.appex */ = {isa = PBXFileReference; explicitFileType = "wrapper.app-extension"; includeInIndex = 0; path = "Is it true?.appex"; sourceTree = BUILT_PRODUCTS_DIR; };
		793D847C27FAD5FB008FCA61 /* Media.xcassets */ = {isa = PBXFileReference; lastKnownFileType = folder.assetcatalog; path = Media.xcassets; sourceTree = "<group>"; };
		793D847E27FAD5FB008FCA61 /* ActionViewController.swift */ = {isa = PBXFileReference; lastKnownFileType = sourcecode.swift; path = ActionViewController.swift; sourceTree = "<group>"; };
		793D848127FAD5FB008FCA61 /* Base */ = {isa = PBXFileReference; lastKnownFileType = file.storyboard; name = Base; path = Base.lproj/MainInterface.storyboard; sourceTree = "<group>"; };
		793D848327FAD5FB008FCA61 /* Info.plist */ = {isa = PBXFileReference; lastKnownFileType = text.plist.xml; path = Info.plist; sourceTree = "<group>"; };
		799C983F2801A34D00EB87A0 /* Icons.png */ = {isa = PBXFileReference; lastKnownFileType = image.png; path = Icons.png; sourceTree = "<group>"; };
		79C7E29127FAC64B00FCAAE7 /* FactChecker.app */ = {isa = PBXFileReference; explicitFileType = wrapper.application; includeInIndex = 0; path = FactChecker.app; sourceTree = BUILT_PRODUCTS_DIR; };
		79C7E29427FAC64B00FCAAE7 /* AppDelegate.swift */ = {isa = PBXFileReference; lastKnownFileType = sourcecode.swift; path = AppDelegate.swift; sourceTree = "<group>"; };
		79C7E29627FAC64B00FCAAE7 /* SceneDelegate.swift */ = {isa = PBXFileReference; lastKnownFileType = sourcecode.swift; path = SceneDelegate.swift; sourceTree = "<group>"; };
		79C7E29827FAC64B00FCAAE7 /* ViewController.swift */ = {isa = PBXFileReference; lastKnownFileType = sourcecode.swift; path = ViewController.swift; sourceTree = "<group>"; };
		79C7E29B27FAC64B00FCAAE7 /* Base */ = {isa = PBXFileReference; lastKnownFileType = file.storyboard; name = Base; path = Base.lproj/Main.storyboard; sourceTree = "<group>"; };
		79C7E29D27FAC65000FCAAE7 /* Assets.xcassets */ = {isa = PBXFileReference; lastKnownFileType = folder.assetcatalog; path = Assets.xcassets; sourceTree = "<group>"; };
		79C7E2A027FAC65000FCAAE7 /* Base */ = {isa = PBXFileReference; lastKnownFileType = file.storyboard; name = Base; path = Base.lproj/LaunchScreen.storyboard; sourceTree = "<group>"; };
		79C7E2A227FAC65000FCAAE7 /* Info.plist */ = {isa = PBXFileReference; lastKnownFileType = text.plist.xml; path = Info.plist; sourceTree = "<group>"; };
/* End PBXFileReference section */

/* Begin PBXFrameworksBuildPhase section */
		793D847727FAD5FB008FCA61 /* Frameworks */ = {
			isa = PBXFrameworksBuildPhase;
			buildActionMask = 2147483647;
			files = (
			);
			runOnlyForDeploymentPostprocessing = 0;
		};
		79C7E28E27FAC64B00FCAAE7 /* Frameworks */ = {
			isa = PBXFrameworksBuildPhase;
			buildActionMask = 2147483647;
			files = (
			);
			runOnlyForDeploymentPostprocessing = 0;
		};
/* End PBXFrameworksBuildPhase section */

/* Begin PBXGroup section */
		793D847B27FAD5FB008FCA61 /* IsItTrue */ = {
			isa = PBXGroup;
			children = (
				793D847C27FAD5FB008FCA61 /* Media.xcassets */,
				793D847E27FAD5FB008FCA61 /* ActionViewController.swift */,
				793D848027FAD5FB008FCA61 /* MainInterface.storyboard */,
				793D848327FAD5FB008FCA61 /* Info.plist */,
			);
			path = IsItTrue;
			sourceTree = "<group>";
		};
		79C7E28827FAC64B00FCAAE7 = {
			isa = PBXGroup;
			children = (
				79C7E29327FAC64B00FCAAE7 /* FactChecker */,
				793D847B27FAD5FB008FCA61 /* IsItTrue */,
				79C7E29227FAC64B00FCAAE7 /* Products */,
			);
			sourceTree = "<group>";
		};
		79C7E29227FAC64B00FCAAE7 /* Products */ = {
			isa = PBXGroup;
			children = (
				79C7E29127FAC64B00FCAAE7 /* FactChecker.app */,
				793D847A27FAD5FB008FCA61 /* Is it true?.appex */,
			);
			name = Products;
			sourceTree = "<group>";
		};
		79C7E29327FAC64B00FCAAE7 /* FactChecker */ = {
			isa = PBXGroup;
			children = (
				79C7E29427FAC64B00FCAAE7 /* AppDelegate.swift */,
				79C7E29627FAC64B00FCAAE7 /* SceneDelegate.swift */,
				79C7E29827FAC64B00FCAAE7 /* ViewController.swift */,
				79C7E29A27FAC64B00FCAAE7 /* Main.storyboard */,
				79C7E29D27FAC65000FCAAE7 /* Assets.xcassets */,
				799C983F2801A34D00EB87A0 /* Icons.png */,
				79C7E29F27FAC65000FCAAE7 /* LaunchScreen.storyboard */,
				79C7E2A227FAC65000FCAAE7 /* Info.plist */,
			);
			path = FactChecker;
			sourceTree = "<group>";
		};
/* End PBXGroup section */

/* Begin PBXNativeTarget section */
		793D847927FAD5FB008FCA61 /* IsItTrue */ = {
			isa = PBXNativeTarget;
			buildConfigurationList = 793D848A27FAD5FB008FCA61 /* Build configuration list for PBXNativeTarget "IsItTrue" */;
			buildPhases = (
				793D847627FAD5FB008FCA61 /* Sources */,
				793D847727FAD5FB008FCA61 /* Frameworks */,
				793D847827FAD5FB008FCA61 /* Resources */,
			);
			buildRules = (
			);
			dependencies = (
			);
			name = IsItTrue;
			productName = IsItTrue;
			productReference = 793D847A27FAD5FB008FCA61 /* Is it true?.appex */;
			productType = "com.apple.product-type.app-extension";
		};
		79C7E29027FAC64B00FCAAE7 /* FactChecker */ = {
			isa = PBXNativeTarget;
			buildConfigurationList = 79C7E2A527FAC65000FCAAE7 /* Build configuration list for PBXNativeTarget "FactChecker" */;
			buildPhases = (
				79C7E28D27FAC64B00FCAAE7 /* Sources */,
				79C7E28E27FAC64B00FCAAE7 /* Frameworks */,
				79C7E28F27FAC64B00FCAAE7 /* Resources */,
				793D848727FAD5FB008FCA61 /* Embed App Extensions */,
			);
			buildRules = (
			);
			dependencies = (
				793D848527FAD5FB008FCA61 /* PBXTargetDependency */,
			);
			name = FactChecker;
			productName = FactChecker;
			productReference = 79C7E29127FAC64B00FCAAE7 /* FactChecker.app */;
			productType = "com.apple.product-type.application";
		};
/* End PBXNativeTarget section */

/* Begin PBXProject section */
		79C7E28927FAC64B00FCAAE7 /* Project object */ = {
			isa = PBXProject;
			attributes = {
				LastSwiftUpdateCheck = 1140;
				LastUpgradeCheck = 1140;
				ORGANIZATIONNAME = "Gustavo Zomer";
				TargetAttributes = {
					793D847927FAD5FB008FCA61 = {
						CreatedOnToolsVersion = 11.4;
					};
					79C7E29027FAC64B00FCAAE7 = {
						CreatedOnToolsVersion = 11.4;
					};
				};
			};
			buildConfigurationList = 79C7E28C27FAC64B00FCAAE7 /* Build configuration list for PBXProject "FactChecker" */;
			compatibilityVersion = "Xcode 9.3";
			developmentRegion = en;
			hasScannedForEncodings = 0;
			knownRegions = (
				en,
				Base,
			);
			mainGroup = 79C7E28827FAC64B00FCAAE7;
			productRefGroup = 79C7E29227FAC64B00FCAAE7 /* Products */;
			projectDirPath = "";
			projectRoot = "";
			targets = (
				79C7E29027FAC64B00FCAAE7 /* FactChecker */,
				793D847927FAD5FB008FCA61 /* IsItTrue */,
			);
		};
/* End PBXProject section */

/* Begin PBXResourcesBuildPhase section */
		793D847827FAD5FB008FCA61 /* Resources */ = {
			isa = PBXResourcesBuildPhase;
			buildActionMask = 2147483647;
			files = (
				798A2AF828017F790027E978 /* Assets.xcassets in Resources */,
				793D847D27FAD5FB008FCA61 /* Media.xcassets in Resources */,
				793D848227FAD5FB008FCA61 /* MainInterface.storyboard in Resources */,
			);
			runOnlyForDeploymentPostprocessing = 0;
		};
		79C7E28F27FAC64B00FCAAE7 /* Resources */ = {
			isa = PBXResourcesBuildPhase;
			buildActionMask = 2147483647;
			files = (
				799C98402801A34D00EB87A0 /* Icons.png in Resources */,
				79C7E2A127FAC65000FCAAE7 /* LaunchScreen.storyboard in Resources */,
				79C7E29E27FAC65000FCAAE7 /* Assets.xcassets in Resources */,
				79C7E29C27FAC64B00FCAAE7 /* Main.storyboard in Resources */,
			);
			runOnlyForDeploymentPostprocessing = 0;
		};
/* End PBXResourcesBuildPhase section */

/* Begin PBXSourcesBuildPhase section */
		793D847627FAD5FB008FCA61 /* Sources */ = {
			isa = PBXSourcesBuildPhase;
			buildActionMask = 2147483647;
			files = (
				793D847F27FAD5FB008FCA61 /* ActionViewController.swift in Sources */,
			);
			runOnlyForDeploymentPostprocessing = 0;
		};
		79C7E28D27FAC64B00FCAAE7 /* Sources */ = {
			isa = PBXSourcesBuildPhase;
			buildActionMask = 2147483647;
			files = (
				79C7E29927FAC64B00FCAAE7 /* ViewController.swift in Sources */,
				79C7E29527FAC64B00FCAAE7 /* AppDelegate.swift in Sources */,
				79C7E29727FAC64B00FCAAE7 /* SceneDelegate.swift in Sources */,
			);
			runOnlyForDeploymentPostprocessing = 0;
		};
/* End PBXSourcesBuildPhase section */

/* Begin PBXTargetDependency section */
		793D848527FAD5FB008FCA61 /* PBXTargetDependency */ = {
			isa = PBXTargetDependency;
			target = 793D847927FAD5FB008FCA61 /* IsItTrue */;
			targetProxy = 793D848427FAD5FB008FCA61 /* PBXContainerItemProxy */;
		};
/* End PBXTargetDependency section */

/* Begin PBXVariantGroup section */
		793D848027FAD5FB008FCA61 /* MainInterface.storyboard */ = {
			isa = PBXVariantGroup;
			children = (
				793D848127FAD5FB008FCA61 /* Base */,
			);
			name = MainInterface.storyboard;
			sourceTree = "<group>";
		};
		79C7E29A27FAC64B00FCAAE7 /* Main.storyboard */ = {
			isa = PBXVariantGroup;
			children = (
				79C7E29B27FAC64B00FCAAE7 /* Base */,
			);
			name = Main.storyboard;
			sourceTree = "<group>";
		};
		79C7E29F27FAC65000FCAAE7 /* LaunchScreen.storyboard */ = {
			isa = PBXVariantGroup;
			children = (
				79C7E2A027FAC65000FCAAE7 /* Base */,
			);
			name = LaunchScreen.storyboard;
			sourceTree = "<group>";
		};
/* End PBXVariantGroup section */

/* Begin XCBuildConfiguration section */
		793D848827FAD5FB008FCA61 /* Debug */ = {
			isa = XCBuildConfiguration;
			buildSettings = {
				APPLICATION_EXTENSION_API_ONLY = NO;
				ASSETCATALOG_COMPILER_APPICON_NAME = AppIcon;
				CODE_SIGN_STYLE = Automatic;
				CURRENT_PROJECT_VERSION = 8;
				DEVELOPMENT_TEAM = Z6H37FX8UF;
				INFOPLIST_FILE = IsItTrue/Info.plist;
				LD_RUNPATH_SEARCH_PATHS = (
					"$(inherited)",
					"@executable_path/Frameworks",
					"@executable_path/../../Frameworks",
				);
				MARKETING_VERSION = 1.0.1;
				PRODUCT_BUNDLE_IDENTIFIER = technology.futur.FactChecker.IsItTrue;
				PRODUCT_NAME = "Is it true?";
				SKIP_INSTALL = YES;
				SWIFT_VERSION = 5.0;
				TARGETED_DEVICE_FAMILY = "1,2";
			};
			name = Debug;
		};
		793D848927FAD5FB008FCA61 /* Release */ = {
			isa = XCBuildConfiguration;
			buildSettings = {
				APPLICATION_EXTENSION_API_ONLY = NO;
				ASSETCATALOG_COMPILER_APPICON_NAME = AppIcon;
				CODE_SIGN_STYLE = Automatic;
				CURRENT_PROJECT_VERSION = 8;
				DEVELOPMENT_TEAM = Z6H37FX8UF;
				INFOPLIST_FILE = IsItTrue/Info.plist;
				LD_RUNPATH_SEARCH_PATHS = (
					"$(inherited)",
					"@executable_path/Frameworks",
					"@executable_path/../../Frameworks",
				);
				MARKETING_VERSION = 1.0.1;
				PRODUCT_BUNDLE_IDENTIFIER = technology.futur.FactChecker.IsItTrue;
				PRODUCT_NAME = "Is it true?";
				SKIP_INSTALL = YES;
				SWIFT_VERSION = 5.0;
				TARGETED_DEVICE_FAMILY = "1,2";
			};
			name = Release;
		};
		79C7E2A327FAC65000FCAAE7 /* Debug */ = {
			isa = XCBuildConfiguration;
			buildSettings = {
				ALWAYS_SEARCH_USER_PATHS = NO;
				CLANG_ANALYZER_NONNULL = YES;
				CLANG_ANALYZER_NUMBER_OBJECT_CONVERSION = YES_AGGRESSIVE;
				CLANG_CXX_LANGUAGE_STANDARD = "gnu++14";
				CLANG_CXX_LIBRARY = "libc++";
				CLANG_ENABLE_MODULES = YES;
				CLANG_ENABLE_OBJC_ARC = YES;
				CLANG_ENABLE_OBJC_WEAK = YES;
				CLANG_WARN_BLOCK_CAPTURE_AUTORELEASING = YES;
				CLANG_WARN_BOOL_CONVERSION = YES;
				CLANG_WARN_COMMA = YES;
				CLANG_WARN_CONSTANT_CONVERSION = YES;
				CLANG_WARN_DEPRECATED_OBJC_IMPLEMENTATIONS = YES;
				CLANG_WARN_DIRECT_OBJC_ISA_USAGE = YES_ERROR;
				CLANG_WARN_DOCUMENTATION_COMMENTS = YES;
				CLANG_WARN_EMPTY_BODY = YES;
				CLANG_WARN_ENUM_CONVERSION = YES;
				CLANG_WARN_INFINITE_RECURSION = YES;
				CLANG_WARN_INT_CONVERSION = YES;
				CLANG_WARN_NON_LITERAL_NULL_CONVERSION = YES;
				CLANG_WARN_OBJC_IMPLICIT_RETAIN_SELF = YES;
				CLANG_WARN_OBJC_LITERAL_CONVERSION = YES;
				CLANG_WARN_OBJC_ROOT_CLASS = YES_ERROR;
				CLANG_WARN_RANGE_LOOP_ANALYSIS = YES;
				CLANG_WARN_STRICT_PROTOTYPES = YES;
				CLANG_WARN_SUSPICIOUS_MOVE = YES;
				CLANG_WARN_UNGUARDED_AVAILABILITY = YES_AGGRESSIVE;
				CLANG_WARN_UNREACHABLE_CODE = YES;
				CLANG_WARN__DUPLICATE_METHOD_MATCH = YES;
				COPY_PHASE_STRIP = NO;
				DEBUG_INFORMATION_FORMAT = dwarf;
				ENABLE_STRICT_OBJC_MSGSEND = YES;
				ENABLE_TESTABILITY = YES;
				GCC_C_LANGUAGE_STANDARD = gnu11;
				GCC_DYNAMIC_NO_PIC = NO;
				GCC_NO_COMMON_BLOCKS = YES;
				GCC_OPTIMIZATION_LEVEL = 0;
				GCC_PREPROCESSOR_DEFINITIONS = (
					"DEBUG=1",
					"$(inherited)",
				);
				GCC_WARN_64_TO_32_BIT_CONVERSION = YES;
				GCC_WARN_ABOUT_RETURN_TYPE = YES_ERROR;
				GCC_WARN_UNDECLARED_SELECTOR = YES;
				GCC_WARN_UNINITIALIZED_AUTOS = YES_AGGRESSIVE;
				GCC_WARN_UNUSED_FUNCTION = YES;
				GCC_WARN_UNUSED_VARIABLE = YES;
				IPHONEOS_DEPLOYMENT_TARGET = 13.4;
				MTL_ENABLE_DEBUG_INFO = INCLUDE_SOURCE;
				MTL_FAST_MATH = YES;
				ONLY_ACTIVE_ARCH = YES;
				SDKROOT = iphoneos;
				SWIFT_ACTIVE_COMPILATION_CONDITIONS = DEBUG;
				SWIFT_OPTIMIZATION_LEVEL = "-Onone";
			};
			name = Debug;
		};
		79C7E2A427FAC65000FCAAE7 /* Release */ = {
			isa = XCBuildConfiguration;
			buildSettings = {
				ALWAYS_SEARCH_USER_PATHS = NO;
				CLANG_ANALYZER_NONNULL = YES;
				CLANG_ANALYZER_NUMBER_OBJECT_CONVERSION = YES_AGGRESSIVE;
				CLANG_CXX_LANGUAGE_STANDARD = "gnu++14";
				CLANG_CXX_LIBRARY = "libc++";
				CLANG_ENABLE_MODULES = YES;
				CLANG_ENABLE_OBJC_ARC = YES;
				CLANG_ENABLE_OBJC_WEAK = YES;
				CLANG_WARN_BLOCK_CAPTURE_AUTORELEASING = YES;
				CLANG_WARN_BOOL_CONVERSION = YES;
				CLANG_WARN_COMMA = YES;
				CLANG_WARN_CONSTANT_CONVERSION = YES;
				CLANG_WARN_DEPRECATED_OBJC_IMPLEMENTATIONS = YES;
				CLANG_WARN_DIRECT_OBJC_ISA_USAGE = YES_ERROR;
				CLANG_WARN_DOCUMENTATION_COMMENTS = YES;
				CLANG_WARN_EMPTY_BODY = YES;
				CLANG_WARN_ENUM_CONVERSION = YES;
				CLANG_WARN_INFINITE_RECURSION = YES;
				CLANG_WARN_INT_CONVERSION = YES;
				CLANG_WARN_NON_LITERAL_NULL_CONVERSION = YES;
				CLANG_WARN_OBJC_IMPLICIT_RETAIN_SELF = YES;
				CLANG_WARN_OBJC_LITERAL_CONVERSION = YES;
				CLANG_WARN_OBJC_ROOT_CLASS = YES_ERROR;
				CLANG_WARN_RANGE_LOOP_ANALYSIS = YES;
				CLANG_WARN_STRICT_PROTOTYPES = YES;
				CLANG_WARN_SUSPICIOUS_MOVE = YES;
				CLANG_WARN_UNGUARDED_AVAILABILITY = YES_AGGRESSIVE;
				CLANG_WARN_UNREACHABLE_CODE = YES;
				CLANG_WARN__DUPLICATE_METHOD_MATCH = YES;
				COPY_PHASE_STRIP = NO;
				DEBUG_INFORMATION_FORMAT = "dwarf-with-dsym";
				ENABLE_NS_ASSERTIONS = NO;
				ENABLE_STRICT_OBJC_MSGSEND = YES;
				GCC_C_LANGUAGE_STANDARD = gnu11;
				GCC_NO_COMMON_BLOCKS = YES;
				GCC_WARN_64_TO_32_BIT_CONVERSION = YES;
				GCC_WARN_ABOUT_RETURN_TYPE = YES_ERROR;
				GCC_WARN_UNDECLARED_SELECTOR = YES;
				GCC_WARN_UNINITIALIZED_AUTOS = YES_AGGRESSIVE;
				GCC_WARN_UNUSED_FUNCTION = YES;
				GCC_WARN_UNUSED_VARIABLE = YES;
				IPHONEOS_DEPLOYMENT_TARGET = 13.4;
				MTL_ENABLE_DEBUG_INFO = NO;
				MTL_FAST_MATH = YES;
				SDKROOT = iphoneos;
				SWIFT_COMPILATION_MODE = wholemodule;
				SWIFT_OPTIMIZATION_LEVEL = "-O";
				VALIDATE_PRODUCT = YES;
			};
			name = Release;
		};
		79C7E2A627FAC65000FCAAE7 /* Debug */ = {
			isa = XCBuildConfiguration;
			buildSettings = {
				ALWAYS_EMBED_SWIFT_STANDARD_LIBRARIES = YES;
				ASSETCATALOG_COMPILER_APPICON_NAME = AppIcon;
				CODE_SIGN_STYLE = Automatic;
				CURRENT_PROJECT_VERSION = 8;
				DEVELOPMENT_TEAM = Z6H37FX8UF;
				INFOPLIST_FILE = FactChecker/Info.plist;
				LD_RUNPATH_SEARCH_PATHS = (
					"$(inherited)",
					"@executable_path/Frameworks",
				);
				MARKETING_VERSION = 1.0.1;
				PRODUCT_BUNDLE_IDENTIFIER = technology.futur.FactChecker;
				PRODUCT_NAME = "$(TARGET_NAME)";
				SWIFT_VERSION = 5.0;
				TARGETED_DEVICE_FAMILY = "1,2";
			};
			name = Debug;
		};
		79C7E2A727FAC65000FCAAE7 /* Release */ = {
			isa = XCBuildConfiguration;
			buildSettings = {
				ALWAYS_EMBED_SWIFT_STANDARD_LIBRARIES = YES;
				ASSETCATALOG_COMPILER_APPICON_NAME = AppIcon;
				CODE_SIGN_STYLE = Automatic;
				CURRENT_PROJECT_VERSION = 8;
				DEVELOPMENT_TEAM = Z6H37FX8UF;
				INFOPLIST_FILE = FactChecker/Info.plist;
				LD_RUNPATH_SEARCH_PATHS = (
					"$(inherited)",
					"@executable_path/Frameworks",
				);
				MARKETING_VERSION = 1.0.1;
				PRODUCT_BUNDLE_IDENTIFIER = technology.futur.FactChecker;
				PRODUCT_NAME = "$(TARGET_NAME)";
				SWIFT_VERSION = 5.0;
				TARGETED_DEVICE_FAMILY = "1,2";
			};
			name = Release;
		};
/* End XCBuildConfiguration section */

/* Begin XCConfigurationList section */
		793D848A27FAD5FB008FCA61 /* Build configuration list for PBXNativeTarget "IsItTrue" */ = {
			isa = XCConfigurationList;
			buildConfigurations = (
				793D848827FAD5FB008FCA61 /* Debug */,
				793D848927FAD5FB008FCA61 /* Release */,
			);
			defaultConfigurationIsVisible = 0;
			defaultConfigurationName = Release;
		};
		79C7E28C27FAC64B00FCAAE7 /* Build configuration list for PBXProject "FactChecker" */ = {
			isa = XCConfigurationList;
			buildConfigurations = (
				79C7E2A327FAC65000FCAAE7 /* Debug */,
				79C7E2A427FAC65000FCAAE7 /* Release */,
			);
			defaultConfigurationIsVisible = 0;
			defaultConfigurationName = Release;
		};
		79C7E2A527FAC65000FCAAE7 /* Build configuration list for PBXNativeTarget "FactChecker" */ = {
			isa = XCConfigurationList;
			buildConfigurations = (
				79C7E2A627FAC65000FCAAE7 /* Debug */,
				79C7E2A727FAC65000FCAAE7 /* Release */,
			);
			defaultConfigurationIsVisible = 0;
			defaultConfigurationName = Release;
		};
/* End XCConfigurationList section */
	};
	rootObject = 79C7E28927FAC64B00FCAAE7 /* Project object */;
}
